
Microsoft Visual Studio Solution File, Format Version 12.00
# Visual Studio Version 17
VisualStudioVersion = 17.1.32228.430
MinimumVisualStudioVersion = 10.0.40219.1
Project("{FAE04EC0-301F-11D3-BF4B-00C04F79EFBC}") = "Palindrome", "Palindrome\Palindrome.csproj", "{FE09A282-2DE6-45C4-A943-E2F1502BB350}"
EndProject
Global
	GlobalSection(SolutionConfigurationPlatforms) = preSolution
		Debug|Any CPU = Debug|Any CPU
		Release|Any CPU = Release|Any CPU
	EndGlobalSection
	GlobalSection(ProjectConfigurationPlatforms) = postSolution
		{FE09A282-2DE6-45C4-A943-E2F1502BB350}.Debug|Any CPU.ActiveCfg = Debug|Any CPU
		{FE09A282-2DE6-45C4-A943-E2F1502BB350}.Debug|Any CPU.Build.0 = Debug|Any CPU
		{FE09A282-2DE6-45C4-A943-E2F1502BB350}.Release|Any CPU.ActiveCfg = Release|Any CPU
		{FE09A282-2DE6-45C4-A943-E2F1502BB350}.Release|Any CPU.Build.0 = Release|Any CPU
	EndGlobalSection
	GlobalSection(SolutionProperties) = preSolution
		HideSolutionNode = FALSE
	EndGlobalSection
	GlobalSection(ExtensibilityGlobals) = postSolution
		SolutionGuid = {F2878443-078B-4979-826B-7FD2DD57F245}
	EndGlobalSection
EndGlobal
